
Microsoft Visual Studio Solution File, Format Version 12.00
# Visual Studio Version 17
VisualStudioVersion = 17.8.34525.116
MinimumVisualStudioVersion = 10.0.40219.1
Project("{FAE04EC0-301F-11D3-BF4B-00C04F79EFBC}") = "sixthHomework", "sixthHomework.csproj", "{2D87859C-81F7-4CEA-A45D-409438DEBC28}"
EndProject
Global
	GlobalSection(SolutionConfigurationPlatforms) = preSolution
		Debug|Any CPU = Debug|Any CPU
		Release|Any CPU = Release|Any CPU
	EndGlobalSection
	GlobalSection(ProjectConfigurationPlatforms) = postSolution
		{2D87859C-81F7-4CEA-A45D-409438DEBC28}.Debug|Any CPU.ActiveCfg = Debug|Any CPU
		{2D87859C-81F7-4CEA-A45D-409438DEBC28}.Debug|Any CPU.Build.0 = Debug|Any CPU
		{2D87859C-81F7-4CEA-A45D-409438DEBC28}.Release|Any CPU.ActiveCfg = Release|Any CPU
		{2D87859C-81F7-4CEA-A45D-409438DEBC28}.Release|Any CPU.Build.0 = Release|Any CPU
	EndGlobalSection
	GlobalSection(SolutionProperties) = preSolution
		HideSolutionNode = FALSE
	EndGlobalSection
	GlobalSection(ExtensibilityGlobals) = postSolution
		SolutionGuid = {6BC21C0C-A646-48D9-A506-8CEE03A2DFFD}
	EndGlobalSection
EndGlobal
